
Microsoft Visual Studio Solution File, Format Version 12.00
# Visual Studio Version 17
VisualStudioVersion = 17.13.35828.75 d17.13
MinimumVisualStudioVersion = 10.0.40219.1
Project("{FAE04EC0-301F-11D3-BF4B-00C04F79EFBC}") = "Server", "Server\Server.csproj", "{F201800A-785F-436C-B73D-35B92923B63F}"
EndProject
Project("{FAE04EC0-301F-11D3-BF4B-00C04F79EFBC}") = "Client", "Client\Client.csproj", "{0B62B459-452D-4102-8E30-A84AA4DEC51D}"
EndProject
Global
	GlobalSection(SolutionConfigurationPlatforms) = preSolution
		Debug|Any CPU = Debug|Any CPU
		Release|Any CPU = Release|Any CPU
	EndGlobalSection
	GlobalSection(ProjectConfigurationPlatforms) = postSolution
		{F201800A-785F-436C-B73D-35B92923B63F}.Debug|Any CPU.ActiveCfg = Debug|Any CPU
		{F201800A-785F-436C-B73D-35B92923B63F}.Debug|Any CPU.Build.0 = Debug|Any CPU
		{F201800A-785F-436C-B73D-35B92923B63F}.Release|Any CPU.ActiveCfg = Release|Any CPU
		{F201800A-785F-436C-B73D-35B92923B63F}.Release|Any CPU.Build.0 = Release|Any CPU
		{0B62B459-452D-4102-8E30-A84AA4DEC51D}.Debug|Any CPU.ActiveCfg = Debug|Any CPU
		{0B62B459-452D-4102-8E30-A84AA4DEC51D}.Debug|Any CPU.Build.0 = Debug|Any CPU
		{0B62B459-452D-4102-8E30-A84AA4DEC51D}.Release|Any CPU.ActiveCfg = Release|Any CPU
		{0B62B459-452D-4102-8E30-A84AA4DEC51D}.Release|Any CPU.Build.0 = Release|Any CPU
	EndGlobalSection
	GlobalSection(SolutionProperties) = preSolution
		HideSolutionNode = FALSE
	EndGlobalSection
	GlobalSection(ExtensibilityGlobals) = postSolution
		SolutionGuid = {5F66B1F8-F49B-4F17-89FA-B82739FC3131}
	EndGlobalSection
EndGlobal
