
Microsoft Visual Studio Solution File, Format Version 12.00
# Visual Studio Version 17
VisualStudioVersion = 17.13.35828.75 d17.13
MinimumVisualStudioVersion = 10.0.40219.1
Project("{FAE04EC0-301F-11D3-BF4B-00C04F79EFBC}") = "TURN&STUN Server", "TURN&STUN Server\TURN&STUN Server.csproj", "{54D89501-A9AC-4FDF-9BBE-C8DAAD53D8EA}"
EndProject
Global
	GlobalSection(SolutionConfigurationPlatforms) = preSolution
		Debug|Any CPU = Debug|Any CPU
		Release|Any CPU = Release|Any CPU
	EndGlobalSection
	GlobalSection(ProjectConfigurationPlatforms) = postSolution
		{54D89501-A9AC-4FDF-9BBE-C8DAAD53D8EA}.Debug|Any CPU.ActiveCfg = Debug|Any CPU
		{54D89501-A9AC-4FDF-9BBE-C8DAAD53D8EA}.Debug|Any CPU.Build.0 = Debug|Any CPU
		{54D89501-A9AC-4FDF-9BBE-C8DAAD53D8EA}.Release|Any CPU.ActiveCfg = Release|Any CPU
		{54D89501-A9AC-4FDF-9BBE-C8DAAD53D8EA}.Release|Any CPU.Build.0 = Release|Any CPU
	EndGlobalSection
	GlobalSection(SolutionProperties) = preSolution
		HideSolutionNode = FALSE
	EndGlobalSection
	GlobalSection(ExtensibilityGlobals) = postSolution
		SolutionGuid = {150DF234-4BF2-49A5-AADC-1E90A00CECF2}
	EndGlobalSection
EndGlobal
